// !$*UTF8*$!
{
	archiveVersion = 1;
	classes = {
	};
	objectVersion = 51;
	objects = {

/* Begin PBXBuildFile section */
		B5187B94260885F800497E33 /* AppDelegate.swift in Sources */ = {isa = PBXBuildFile; fileRef = B5187B93260885F800497E33 /* AppDelegate.swift */; };
		B5187B96260885F800497E33 /* SceneDelegate.swift in Sources */ = {isa = PBXBuildFile; fileRef = B5187B95260885F800497E33 /* SceneDelegate.swift */; };
		B5187B9B260885F800497E33 /* Main.storyboard in Resources */ = {isa = PBXBuildFile; fileRef = B5187B99260885F800497E33 /* Main.storyboard */; };
		B5187B9D260885F900497E33 /* Assets.xcassets in Resources */ = {isa = PBXBuildFile; fileRef = B5187B9C260885F900497E33 /* Assets.xcassets */; };
		B5187BA0260885F900497E33 /* LaunchScreen.storyboard in Resources */ = {isa = PBXBuildFile; fileRef = B5187B9E260885F900497E33 /* LaunchScreen.storyboard */; };
		B5187BB42608890500497E33 /* LoginVC.swift in Sources */ = {isa = PBXBuildFile; fileRef = B5187BB32608890500497E33 /* LoginVC.swift */; };
		B5187BB72608898E00497E33 /* AppCoordinator.swift in Sources */ = {isa = PBXBuildFile; fileRef = B5187BB62608898E00497E33 /* AppCoordinator.swift */; };
		C6FBDBD79BE9DE8A574D90E5 /* Pods_RxSwift_Login_Page.framework in Frameworks */ = {isa = PBXBuildFile; fileRef = 4928DD82FD97D61F9AACF3F6 /* Pods_RxSwift_Login_Page.framework */; };
/* End PBXBuildFile section */

/* Begin PBXFileReference section */
		4928DD82FD97D61F9AACF3F6 /* Pods_RxSwift_Login_Page.framework */ = {isa = PBXFileReference; explicitFileType = wrapper.framework; includeInIndex = 0; path = Pods_RxSwift_Login_Page.framework; sourceTree = BUILT_PRODUCTS_DIR; };
		B5187B90260885F800497E33 /* RxSwift Login Page.app */ = {isa = PBXFileReference; explicitFileType = wrapper.application; includeInIndex = 0; path = "RxSwift Login Page.app"; sourceTree = BUILT_PRODUCTS_DIR; };
		B5187B93260885F800497E33 /* AppDelegate.swift */ = {isa = PBXFileReference; lastKnownFileType = sourcecode.swift; path = AppDelegate.swift; sourceTree = "<group>"; };
		B5187B95260885F800497E33 /* SceneDelegate.swift */ = {isa = PBXFileReference; lastKnownFileType = sourcecode.swift; path = SceneDelegate.swift; sourceTree = "<group>"; };
		B5187B9A260885F800497E33 /* Base */ = {isa = PBXFileReference; lastKnownFileType = file.storyboard; name = Base; path = Base.lproj/Main.storyboard; sourceTree = "<group>"; };
		B5187B9C260885F900497E33 /* Assets.xcassets */ = {isa = PBXFileReference; lastKnownFileType = folder.assetcatalog; path = Assets.xcassets; sourceTree = "<group>"; };
		B5187B9F260885F900497E33 /* Base */ = {isa = PBXFileReference; lastKnownFileType = file.storyboard; name = Base; path = Base.lproj/LaunchScreen.storyboard; sourceTree = "<group>"; };
		B5187BA1260885F900497E33 /* Info.plist */ = {isa = PBXFileReference; lastKnownFileType = text.plist.xml; path = Info.plist; sourceTree = "<group>"; };
		B5187BB32608890500497E33 /* LoginVC.swift */ = {isa = PBXFileReference; lastKnownFileType = sourcecode.swift; path = LoginVC.swift; sourceTree = "<group>"; };
		B5187BB62608898E00497E33 /* AppCoordinator.swift */ = {isa = PBXFileReference; lastKnownFileType = sourcecode.swift; path = AppCoordinator.swift; sourceTree = "<group>"; };
		B63F9405F71AC83BD22EABE6 /* Pods-RxSwift Login Page.release.xcconfig */ = {isa = PBXFileReference; includeInIndex = 1; lastKnownFileType = text.xcconfig; name = "Pods-RxSwift Login Page.release.xcconfig"; path = "Target Support Files/Pods-RxSwift Login Page/Pods-RxSwift Login Page.release.xcconfig"; sourceTree = "<group>"; };
		B7D8F42B9FBB8D7F9CEFD7FE /* Pods-RxSwift Login Page.debug.xcconfig */ = {isa = PBXFileReference; includeInIndex = 1; lastKnownFileType = text.xcconfig; name = "Pods-RxSwift Login Page.debug.xcconfig"; path = "Target Support Files/Pods-RxSwift Login Page/Pods-RxSwift Login Page.debug.xcconfig"; sourceTree = "<group>"; };
/* End PBXFileReference section */

/* Begin PBXFrameworksBuildPhase section */
		B5187B8D260885F800497E33 /* Frameworks */ = {
			isa = PBXFrameworksBuildPhase;
			buildActionMask = 2147483647;
			files = (
				C6FBDBD79BE9DE8A574D90E5 /* Pods_RxSwift_Login_Page.framework in Frameworks */,
			);
			runOnlyForDeploymentPostprocessing = 0;
		};
/* End PBXFrameworksBuildPhase section */

/* Begin PBXGroup section */
		05F48F4324F383BD2C422AAD /* Frameworks */ = {
			isa = PBXGroup;
			children = (
				4928DD82FD97D61F9AACF3F6 /* Pods_RxSwift_Login_Page.framework */,
			);
			name = Frameworks;
			sourceTree = "<group>";
		};
		456732771C19C05A94B306FC /* Pods */ = {
			isa = PBXGroup;
			children = (
				B7D8F42B9FBB8D7F9CEFD7FE /* Pods-RxSwift Login Page.debug.xcconfig */,
				B63F9405F71AC83BD22EABE6 /* Pods-RxSwift Login Page.release.xcconfig */,
			);
			path = Pods;
			sourceTree = "<group>";
		};
		B5187B87260885F800497E33 = {
			isa = PBXGroup;
			children = (
				B5187B92260885F800497E33 /* RxSwift Login Page */,
				B5187B91260885F800497E33 /* Products */,
				456732771C19C05A94B306FC /* Pods */,
				05F48F4324F383BD2C422AAD /* Frameworks */,
			);
			sourceTree = "<group>";
		};
		B5187B91260885F800497E33 /* Products */ = {
			isa = PBXGroup;
			children = (
				B5187B90260885F800497E33 /* RxSwift Login Page.app */,
			);
			name = Products;
			sourceTree = "<group>";
		};
		B5187B92260885F800497E33 /* RxSwift Login Page */ = {
			isa = PBXGroup;
			children = (
				B5187B93260885F800497E33 /* AppDelegate.swift */,
				B5187B95260885F800497E33 /* SceneDelegate.swift */,
				B5187B99260885F800497E33 /* Main.storyboard */,
				B5187B9C260885F900497E33 /* Assets.xcassets */,
				B5187B9E260885F900497E33 /* LaunchScreen.storyboard */,
				B5187BA1260885F900497E33 /* Info.plist */,
				B5187BB32608890500497E33 /* LoginVC.swift */,
				B5187BB62608898E00497E33 /* AppCoordinator.swift */,
			);
			path = "RxSwift Login Page";
			sourceTree = "<group>";
		};
/* End PBXGroup section */

/* Begin PBXNativeTarget section */
		B5187B8F260885F800497E33 /* RxSwift Login Page */ = {
			isa = PBXNativeTarget;
			buildConfigurationList = B5187BA4260885F900497E33 /* Build configuration list for PBXNativeTarget "RxSwift Login Page" */;
			buildPhases = (
				FEECE07D2DA08A5BFB1FA808 /* [CP] Check Pods Manifest.lock */,
				B5187B8C260885F800497E33 /* Sources */,
				B5187B8D260885F800497E33 /* Frameworks */,
				B5187B8E260885F800497E33 /* Resources */,
				B71A969F1ADFFB1E7D490ACF /* [CP] Embed Pods Frameworks */,
			);
			buildRules = (
			);
			dependencies = (
			);
			name = "RxSwift Login Page";
			productName = "RxSwift Login Page";
			productReference = B5187B90260885F800497E33 /* RxSwift Login Page.app */;
			productType = "com.apple.product-type.application";
		};
/* End PBXNativeTarget section */

/* Begin PBXProject section */
		B5187B88260885F800497E33 /* Project object */ = {
			isa = PBXProject;
			attributes = {
				LastSwiftUpdateCheck = 1240;
				LastUpgradeCheck = 1240;
				TargetAttributes = {
					B5187B8F260885F800497E33 = {
						CreatedOnToolsVersion = 12.4;
					};
				};
			};
			buildConfigurationList = B5187B8B260885F800497E33 /* Build configuration list for PBXProject "RxSwift Login Page" */;
			compatibilityVersion = "Xcode 9.3";
			developmentRegion = en;
			hasScannedForEncodings = 0;
			knownRegions = (
				en,
				Base,
			);
			mainGroup = B5187B87260885F800497E33;
			productRefGroup = B5187B91260885F800497E33 /* Products */;
			projectDirPath = "";
			projectRoot = "";
			targets = (
				B5187B8F260885F800497E33 /* RxSwift Login Page */,
			);
		};
/* End PBXProject section */

/* Begin PBXResourcesBuildPhase section */
		B5187B8E260885F800497E33 /* Resources */ = {
			isa = PBXResourcesBuildPhase;
			buildActionMask = 2147483647;
			files = (
				B5187BA0260885F900497E33 /* LaunchScreen.storyboard in Resources */,
				B5187B9D260885F900497E33 /* Assets.xcassets in Resources */,
				B5187B9B260885F800497E33 /* Main.storyboard in Resources */,
			);
			runOnlyForDeploymentPostprocessing = 0;
		};
/* End PBXResourcesBuildPhase section */

/* Begin PBXShellScriptBuildPhase section */
		B71A969F1ADFFB1E7D490ACF /* [CP] Embed Pods Frameworks */ = {
			isa = PBXShellScriptBuildPhase;
			buildActionMask = 2147483647;
			files = (
			);
			inputFileListPaths = (
				"${PODS_ROOT}/Target Support Files/Pods-RxSwift Login Page/Pods-RxSwift Login Page-frameworks-${CONFIGURATION}-input-files.xcfilelist",
			);
			name = "[CP] Embed Pods Frameworks";
			outputFileListPaths = (
				"${PODS_ROOT}/Target Support Files/Pods-RxSwift Login Page/Pods-RxSwift Login Page-frameworks-${CONFIGURATION}-output-files.xcfilelist",
			);
			runOnlyForDeploymentPostprocessing = 0;
			shellPath = /bin/sh;
			shellScript = "\"${PODS_ROOT}/Target Support Files/Pods-RxSwift Login Page/Pods-RxSwift Login Page-frameworks.sh\"\n";
			showEnvVarsInLog = 0;
		};
		FEECE07D2DA08A5BFB1FA808 /* [CP] Check Pods Manifest.lock */ = {
			isa = PBXShellScriptBuildPhase;
			buildActionMask = 2147483647;
			files = (
			);
			inputFileListPaths = (
			);
			inputPaths = (
				"${PODS_PODFILE_DIR_PATH}/Podfile.lock",
				"${PODS_ROOT}/Manifest.lock",
			);
			name = "[CP] Check Pods Manifest.lock";
			outputFileListPaths = (
			);
			outputPaths = (
				"$(DERIVED_FILE_DIR)/Pods-RxSwift Login Page-checkManifestLockResult.txt",
			);
			runOnlyForDeploymentPostprocessing = 0;
			shellPath = /bin/sh;
			shellScript = "diff \"${PODS_PODFILE_DIR_PATH}/Podfile.lock\" \"${PODS_ROOT}/Manifest.lock\" > /dev/null\nif [ $? != 0 ] ; then\n    # print error to STDERR\n    echo \"error: The sandbox is not in sync with the Podfile.lock. Run 'pod install' or update your CocoaPods installation.\" >&2\n    exit 1\nfi\n# This output is used by Xcode 'outputs' to avoid re-running this script phase.\necho \"SUCCESS\" > \"${SCRIPT_OUTPUT_FILE_0}\"\n";
			showEnvVarsInLog = 0;
		};
/* End PBXShellScriptBuildPhase section */

/* Begin PBXSourcesBuildPhase section */
		B5187B8C260885F800497E33 /* Sources */ = {
			isa = PBXSourcesBuildPhase;
			buildActionMask = 2147483647;
			files = (
				B5187BB72608898E00497E33 /* AppCoordinator.swift in Sources */,
				B5187B94260885F800497E33 /* AppDelegate.swift in Sources */,
				B5187B96260885F800497E33 /* SceneDelegate.swift in Sources */,
				B5187BB42608890500497E33 /* LoginVC.swift in Sources */,
			);
			runOnlyForDeploymentPostprocessing = 0;
		};
/* End PBXSourcesBuildPhase section */

/* Begin PBXVariantGroup section */
		B5187B99260885F800497E33 /* Main.storyboard */ = {
			isa = PBXVariantGroup;
			children = (
				B5187B9A260885F800497E33 /* Base */,
			);
			name = Main.storyboard;
			sourceTree = "<group>";
		};
		B5187B9E260885F900497E33 /* LaunchScreen.storyboard */ = {
			isa = PBXVariantGroup;
			children = (
				B5187B9F260885F900497E33 /* Base */,
			);
			name = LaunchScreen.storyboard;
			sourceTree = "<group>";
		};
/* End PBXVariantGroup section */

/* Begin XCBuildConfiguration section */
		B5187BA2260885F900497E33 /* Debug */ = {
			isa = XCBuildConfiguration;
			buildSettings = {
				ALWAYS_SEARCH_USER_PATHS = NO;
				CLANG_ANALYZER_NONNULL = YES;
				CLANG_ANALYZER_NUMBER_OBJECT_CONVERSION = YES_AGGRESSIVE;
				CLANG_CXX_LANGUAGE_STANDARD = "gnu++14";
				CLANG_CXX_LIBRARY = "libc++";
				CLANG_ENABLE_MODULES = YES;
				CLANG_ENABLE_OBJC_ARC = YES;
				CLANG_ENABLE_OBJC_WEAK = YES;
				CLANG_WARN_BLOCK_CAPTURE_AUTORELEASING = YES;
				CLANG_WARN_BOOL_CONVERSION = YES;
				CLANG_WARN_COMMA = YES;
				CLANG_WARN_CONSTANT_CONVERSION = YES;
				CLANG_WARN_DEPRECATED_OBJC_IMPLEMENTATIONS = YES;
				CLANG_WARN_DIRECT_OBJC_ISA_USAGE = YES_ERROR;
				CLANG_WARN_DOCUMENTATION_COMMENTS = YES;
				CLANG_WARN_EMPTY_BODY = YES;
				CLANG_WARN_ENUM_CONVERSION = YES;
				CLANG_WARN_INFINITE_RECURSION = YES;
				CLANG_WARN_INT_CONVERSION = YES;
				CLANG_WARN_NON_LITERAL_NULL_CONVERSION = YES;
				CLANG_WARN_OBJC_IMPLICIT_RETAIN_SELF = YES;
				CLANG_WARN_OBJC_LITERAL_CONVERSION = YES;
				CLANG_WARN_OBJC_ROOT_CLASS = YES_ERROR;
				CLANG_WARN_QUOTED_INCLUDE_IN_FRAMEWORK_HEADER = YES;
				CLANG_WARN_RANGE_LOOP_ANALYSIS = YES;
				CLANG_WARN_STRICT_PROTOTYPES = YES;
				CLANG_WARN_SUSPICIOUS_MOVE = YES;
				CLANG_WARN_UNGUARDED_AVAILABILITY = YES_AGGRESSIVE;
				CLANG_WARN_UNREACHABLE_CODE = YES;
				CLANG_WARN__DUPLICATE_METHOD_MATCH = YES;
				COPY_PHASE_STRIP = NO;
				DEBUG_INFORMATION_FORMAT = dwarf;
				ENABLE_STRICT_OBJC_MSGSEND = YES;
				ENABLE_TESTABILITY = YES;
				GCC_C_LANGUAGE_STANDARD = gnu11;
				GCC_DYNAMIC_NO_PIC = NO;
				GCC_NO_COMMON_BLOCKS = YES;
				GCC_OPTIMIZATION_LEVEL = 0;
				GCC_PREPROCESSOR_DEFINITIONS = (
					"DEBUG=1",
					"$(inherited)",
				);
				GCC_WARN_64_TO_32_BIT_CONVERSION = YES;
				GCC_WARN_ABOUT_RETURN_TYPE = YES_ERROR;
				GCC_WARN_UNDECLARED_SELECTOR = YES;
				GCC_WARN_UNINITIALIZED_AUTOS = YES_AGGRESSIVE;
				GCC_WARN_UNUSED_FUNCTION = YES;
				GCC_WARN_UNUSED_VARIABLE = YES;
				IPHONEOS_DEPLOYMENT_TARGET = 14.4;
				MTL_ENABLE_DEBUG_INFO = INCLUDE_SOURCE;
				MTL_FAST_MATH = YES;
				ONLY_ACTIVE_ARCH = YES;
				SDKROOT = iphoneos;
				SWIFT_ACTIVE_COMPILATION_CONDITIONS = DEBUG;
				SWIFT_OPTIMIZATION_LEVEL = "-Onone";
			};
			name = Debug;
		};
		B5187BA3260885F900497E33 /* Release */ = {
			isa = XCBuildConfiguration;
			buildSettings = {
				ALWAYS_SEARCH_USER_PATHS = NO;
				CLANG_ANALYZER_NONNULL = YES;
				CLANG_ANALYZER_NUMBER_OBJECT_CONVERSION = YES_AGGRESSIVE;
				CLANG_CXX_LANGUAGE_STANDARD = "gnu++14";
				CLANG_CXX_LIBRARY = "libc++";
				CLANG_ENABLE_MODULES = YES;
				CLANG_ENABLE_OBJC_ARC = YES;
				CLANG_ENABLE_OBJC_WEAK = YES;
				CLANG_WARN_BLOCK_CAPTURE_AUTORELEASING = YES;
				CLANG_WARN_BOOL_CONVERSION = YES;
				CLANG_WARN_COMMA = YES;
				CLANG_WARN_CONSTANT_CONVERSION = YES;
				CLANG_WARN_DEPRECATED_OBJC_IMPLEMENTATIONS = YES;
				CLANG_WARN_DIRECT_OBJC_ISA_USAGE = YES_ERROR;
				CLANG_WARN_DOCUMENTATION_COMMENTS = YES;
				CLANG_WARN_EMPTY_BODY = YES;
				CLANG_WARN_ENUM_CONVERSION = YES;
				CLANG_WARN_INFINITE_RECURSION = YES;
				CLANG_WARN_INT_CONVERSION = YES;
				CLANG_WARN_NON_LITERAL_NULL_CONVERSION = YES;
				CLANG_WARN_OBJC_IMPLICIT_RETAIN_SELF = YES;
				CLANG_WARN_OBJC_LITERAL_CONVERSION = YES;
				CLANG_WARN_OBJC_ROOT_CLASS = YES_ERROR;
				CLANG_WARN_QUOTED_INCLUDE_IN_FRAMEWORK_HEADER = YES;
				CLANG_WARN_RANGE_LOOP_ANALYSIS = YES;
				CLANG_WARN_STRICT_PROTOTYPES = YES;
				CLANG_WARN_SUSPICIOUS_MOVE = YES;
				CLANG_WARN_UNGUARDED_AVAILABILITY = YES_AGGRESSIVE;
				CLANG_WARN_UNREACHABLE_CODE = YES;
				CLANG_WARN__DUPLICATE_METHOD_MATCH = YES;
				COPY_PHASE_STRIP = NO;
				DEBUG_INFORMATION_FORMAT = "dwarf-with-dsym";
				ENABLE_NS_ASSERTIONS = NO;
				ENABLE_STRICT_OBJC_MSGSEND = YES;
				GCC_C_LANGUAGE_STANDARD = gnu11;
				GCC_NO_COMMON_BLOCKS = YES;
				GCC_WARN_64_TO_32_BIT_CONVERSION = YES;
				GCC_WARN_ABOUT_RETURN_TYPE = YES_ERROR;
				GCC_WARN_UNDECLARED_SELECTOR = YES;
				GCC_WARN_UNINITIALIZED_AUTOS = YES_AGGRESSIVE;
				GCC_WARN_UNUSED_FUNCTION = YES;
				GCC_WARN_UNUSED_VARIABLE = YES;
				IPHONEOS_DEPLOYMENT_TARGET = 14.4;
				MTL_ENABLE_DEBUG_INFO = NO;
				MTL_FAST_MATH = YES;
				SDKROOT = iphoneos;
				SWIFT_COMPILATION_MODE = wholemodule;
				SWIFT_OPTIMIZATION_LEVEL = "-O";
				VALIDATE_PRODUCT = YES;
			};
			name = Release;
		};
		B5187BA5260885F900497E33 /* Debug */ = {
			isa = XCBuildConfiguration;
			baseConfigurationReference = B7D8F42B9FBB8D7F9CEFD7FE /* Pods-RxSwift Login Page.debug.xcconfig */;
			buildSettings = {
				ASSETCATALOG_COMPILER_APPICON_NAME = AppIcon;
				ASSETCATALOG_COMPILER_GLOBAL_ACCENT_COLOR_NAME = AccentColor;
				CODE_SIGN_STYLE = Automatic;
				DEVELOPMENT_TEAM = 7AYM348U3Y;
				INFOPLIST_FILE = "RxSwift Login Page/Info.plist";
				LD_RUNPATH_SEARCH_PATHS = (
					"$(inherited)",
					"@executable_path/Frameworks",
				);
				PRODUCT_BUNDLE_IDENTIFIER = "com.bilaldurnagol.RxSwift-Login-Page";
				PRODUCT_NAME = "$(TARGET_NAME)";
				SWIFT_VERSION = 5.0;
				TARGETED_DEVICE_FAMILY = "1,2";
			};
			name = Debug;
		};
		B5187BA6260885F900497E33 /* Release */ = {
			isa = XCBuildConfiguration;
			baseConfigurationReference = B63F9405F71AC83BD22EABE6 /* Pods-RxSwift Login Page.release.xcconfig */;
			buildSettings = {
				ASSETCATALOG_COMPILER_APPICON_NAME = AppIcon;
				ASSETCATALOG_COMPILER_GLOBAL_ACCENT_COLOR_NAME = AccentColor;
				CODE_SIGN_STYLE = Automatic;
				DEVELOPMENT_TEAM = 7AYM348U3Y;
				INFOPLIST_FILE = "RxSwift Login Page/Info.plist";
				LD_RUNPATH_SEARCH_PATHS = (
					"$(inherited)",
					"@executable_path/Frameworks",
				);
				PRODUCT_BUNDLE_IDENTIFIER = "com.bilaldurnagol.RxSwift-Login-Page";
				PRODUCT_NAME = "$(TARGET_NAME)";
				SWIFT_VERSION = 5.0;
				TARGETED_DEVICE_FAMILY = "1,2";
			};
			name = Release;
		};
/* End XCBuildConfiguration section */

/* Begin XCConfigurationList section */
		B5187B8B260885F800497E33 /* Build configuration list for PBXProject "RxSwift Login Page" */ = {
			isa = XCConfigurationList;
			buildConfigurations = (
				B5187BA2260885F900497E33 /* Debug */,
				B5187BA3260885F900497E33 /* Release */,
			);
			defaultConfigurationIsVisible = 0;
			defaultConfigurationName = Release;
		};
		B5187BA4260885F900497E33 /* Build configuration list for PBXNativeTarget "RxSwift Login Page" */ = {
			isa = XCConfigurationList;
			buildConfigurations = (
				B5187BA5260885F900497E33 /* Debug */,
				B5187BA6260885F900497E33 /* Release */,
			);
			defaultConfigurationIsVisible = 0;
			defaultConfigurationName = Release;
		};
/* End XCConfigurationList section */
	};
	rootObject = B5187B88260885F800497E33 /* Project object */;
}
